{
  "version": "4",
  "specifiers": {
    "npm:@addasoft/timespan@^1.1.4": "1.1.4_@types+node@22.10.1",
    "npm:@types/cli-progress@^3.11.6": "3.11.6",
    "npm:@types/i18n@~0.13.12": "0.13.12",
    "npm:@types/node@^22.10.1": "22.10.1",
    "npm:@types/progress@^2.0.7": "2.0.7",
    "npm:@types/utf8@^3.0.3": "3.0.3",
    "npm:@vitest/coverage-v8@^2.1.8": "2.1.8_vitest@2.1.8__@types+node@22.10.1__vite@5.4.11___@types+node@22.10.1_@types+node@22.10.1",
    "npm:chalk@^5.3.0": "5.3.0",
    "npm:cli-progress@^3.12.0": "3.12.0",
    "npm:commander@^12.1.0": "12.1.0",
    "npm:i18n@~0.15.1": "0.15.1",
    "npm:os-locale@^6.0.2": "6.0.2",
    "npm:prettier@3.4.1": "3.4.1",
    "npm:prettier@^3.4.1": "3.4.1",
    "npm:strip-ansi@^7.1.0": "7.1.0",
    "npm:utf8@3": "3.0.0",
    "npm:vitest@2.1.8": "2.1.8_@types+node@22.10.1_vite@5.4.11__@types+node@22.10.1",
    "npm:vitest@^2.1.8": "2.1.8_@types+node@22.10.1_vite@5.4.11__@types+node@22.10.1"
  },
  "npm": {
    "@addasoft/timespan@1.1.4_@types+node@22.10.1": {
      "integrity": "sha512-ZszfScdaVDzKQDMU0X0lkl3LtNKI8+pIiSFo6yoS0vMjPpHT7KLtKEOZht6UzP3onIfQDh4uusbWQWUptlRKCA==",
      "dependencies": [
        "vite"
      ]
    },
    "@ampproject/remapping@2.3.0": {
      "integrity": "sha512-30iZtAPgz+LTIYoeivqYo853f02jBYSd5uGnGpkFV0M3xOt9aN73erkgYAmZU43x4VfqcnLxW9Kpg3R5LC4YYw==",
      "dependencies": [
        "@jridgewell/gen-mapping",
        "@jridgewell/trace-mapping"
      ]
    },
    "@babel/helper-string-parser@7.25.9": {
      "integrity": "sha512-4A/SCr/2KLd5jrtOMFzaKjVtAei3+2r/NChoBNoZ3EyP/+GlhoaEGoWOZUmFmoITP7zOJyHIMm+DYRd8o3PvHA=="
    },
    "@babel/helper-validator-identifier@7.25.9": {
      "integrity": "sha512-Ed61U6XJc3CVRfkERJWDz4dJwKe7iLmmJsbOGu9wSloNSFttHV0I8g6UAgb7qnK5ly5bGLPd4oXZlxCdANBOWQ=="
    },
    "@babel/parser@7.26.2": {
      "integrity": "sha512-DWMCZH9WA4Maitz2q21SRKHo9QXZxkDsbNZoVD62gusNtNBBqDg9i7uOhASfTfIGNzW+O+r7+jAlM8dwphcJKQ==",
      "dependencies": [
        "@babel/types"
      ]
    },
    "@babel/types@7.26.0": {
      "integrity": "sha512-Z/yiTPj+lDVnF7lWeKCIJzaIkI0vYO87dMpZ4bg4TDrFe4XXLFWL1TbXU27gBP3QccxV9mZICCrnjnYlJjXHOA==",
      "dependencies": [
        "@babel/helper-string-parser",
        "@babel/helper-validator-identifier"
      ]
    },
    "@bcoe/v8-coverage@0.2.3": {
      "integrity": "sha512-0hYQ8SB4Db5zvZB4axdMHGwEaQjkZzFjQiN9LVYvIFB2nSUHW9tYpxWriPrWDASIxiaXax83REcLxuSdnGPZtw=="
    },
    "@esbuild/aix-ppc64@0.21.5": {
      "integrity": "sha512-1SDgH6ZSPTlggy1yI6+Dbkiz8xzpHJEVAlF/AM1tHPLsf5STom9rwtjE4hKAF20FfXXNTFqEYXyJNWh1GiZedQ=="
    },
    "@esbuild/android-arm64@0.21.5": {
      "integrity": "sha512-c0uX9VAUBQ7dTDCjq+wdyGLowMdtR/GoC2U5IYk/7D1H1JYC0qseD7+11iMP2mRLN9RcCMRcjC4YMclCzGwS/A=="
    },
    "@esbuild/android-arm@0.21.5": {
      "integrity": "sha512-vCPvzSjpPHEi1siZdlvAlsPxXl7WbOVUBBAowWug4rJHb68Ox8KualB+1ocNvT5fjv6wpkX6o/iEpbDrf68zcg=="
    },
    "@esbuild/android-x64@0.21.5": {
      "integrity": "sha512-D7aPRUUNHRBwHxzxRvp856rjUHRFW1SdQATKXH2hqA0kAZb1hKmi02OpYRacl0TxIGz/ZmXWlbZgjwWYaCakTA=="
    },
    "@esbuild/darwin-arm64@0.21.5": {
      "integrity": "sha512-DwqXqZyuk5AiWWf3UfLiRDJ5EDd49zg6O9wclZ7kUMv2WRFr4HKjXp/5t8JZ11QbQfUS6/cRCKGwYhtNAY88kQ=="
    },
    "@esbuild/darwin-x64@0.21.5": {
      "integrity": "sha512-se/JjF8NlmKVG4kNIuyWMV/22ZaerB+qaSi5MdrXtd6R08kvs2qCN4C09miupktDitvh8jRFflwGFBQcxZRjbw=="
    },
    "@esbuild/freebsd-arm64@0.21.5": {
      "integrity": "sha512-5JcRxxRDUJLX8JXp/wcBCy3pENnCgBR9bN6JsY4OmhfUtIHe3ZW0mawA7+RDAcMLrMIZaf03NlQiX9DGyB8h4g=="
    },
    "@esbuild/freebsd-x64@0.21.5": {
      "integrity": "sha512-J95kNBj1zkbMXtHVH29bBriQygMXqoVQOQYA+ISs0/2l3T9/kj42ow2mpqerRBxDJnmkUDCaQT/dfNXWX/ZZCQ=="
    },
    "@esbuild/linux-arm64@0.21.5": {
      "integrity": "sha512-ibKvmyYzKsBeX8d8I7MH/TMfWDXBF3db4qM6sy+7re0YXya+K1cem3on9XgdT2EQGMu4hQyZhan7TeQ8XkGp4Q=="
    },
    "@esbuild/linux-arm@0.21.5": {
      "integrity": "sha512-bPb5AHZtbeNGjCKVZ9UGqGwo8EUu4cLq68E95A53KlxAPRmUyYv2D6F0uUI65XisGOL1hBP5mTronbgo+0bFcA=="
    },
    "@esbuild/linux-ia32@0.21.5": {
      "integrity": "sha512-YvjXDqLRqPDl2dvRODYmmhz4rPeVKYvppfGYKSNGdyZkA01046pLWyRKKI3ax8fbJoK5QbxblURkwK/MWY18Tg=="
    },
    "@esbuild/linux-loong64@0.21.5": {
      "integrity": "sha512-uHf1BmMG8qEvzdrzAqg2SIG/02+4/DHB6a9Kbya0XDvwDEKCoC8ZRWI5JJvNdUjtciBGFQ5PuBlpEOXQj+JQSg=="
    },
    "@esbuild/linux-mips64el@0.21.5": {
      "integrity": "sha512-IajOmO+KJK23bj52dFSNCMsz1QP1DqM6cwLUv3W1QwyxkyIWecfafnI555fvSGqEKwjMXVLokcV5ygHW5b3Jbg=="
    },
    "@esbuild/linux-ppc64@0.21.5": {
      "integrity": "sha512-1hHV/Z4OEfMwpLO8rp7CvlhBDnjsC3CttJXIhBi+5Aj5r+MBvy4egg7wCbe//hSsT+RvDAG7s81tAvpL2XAE4w=="
    },
    "@esbuild/linux-riscv64@0.21.5": {
      "integrity": "sha512-2HdXDMd9GMgTGrPWnJzP2ALSokE/0O5HhTUvWIbD3YdjME8JwvSCnNGBnTThKGEB91OZhzrJ4qIIxk/SBmyDDA=="
    },
    "@esbuild/linux-s390x@0.21.5": {
      "integrity": "sha512-zus5sxzqBJD3eXxwvjN1yQkRepANgxE9lgOW2qLnmr8ikMTphkjgXu1HR01K4FJg8h1kEEDAqDcZQtbrRnB41A=="
    },
    "@esbuild/linux-x64@0.21.5": {
      "integrity": "sha512-1rYdTpyv03iycF1+BhzrzQJCdOuAOtaqHTWJZCWvijKD2N5Xu0TtVC8/+1faWqcP9iBCWOmjmhoH94dH82BxPQ=="
    },
    "@esbuild/netbsd-x64@0.21.5": {
      "integrity": "sha512-Woi2MXzXjMULccIwMnLciyZH4nCIMpWQAs049KEeMvOcNADVxo0UBIQPfSmxB3CWKedngg7sWZdLvLczpe0tLg=="
    },
    "@esbuild/openbsd-x64@0.21.5": {
      "integrity": "sha512-HLNNw99xsvx12lFBUwoT8EVCsSvRNDVxNpjZ7bPn947b8gJPzeHWyNVhFsaerc0n3TsbOINvRP2byTZ5LKezow=="
    },
    "@esbuild/sunos-x64@0.21.5": {
      "integrity": "sha512-6+gjmFpfy0BHU5Tpptkuh8+uw3mnrvgs+dSPQXQOv3ekbordwnzTVEb4qnIvQcYXq6gzkyTnoZ9dZG+D4garKg=="
    },
    "@esbuild/win32-arm64@0.21.5": {
      "integrity": "sha512-Z0gOTd75VvXqyq7nsl93zwahcTROgqvuAcYDUr+vOv8uHhNSKROyU961kgtCD1e95IqPKSQKH7tBTslnS3tA8A=="
    },
    "@esbuild/win32-ia32@0.21.5": {
      "integrity": "sha512-SWXFF1CL2RVNMaVs+BBClwtfZSvDgtL//G/smwAc5oVK/UPu2Gu9tIaRgFmYFFKrmg3SyAjSrElf0TiJ1v8fYA=="
    },
    "@esbuild/win32-x64@0.21.5": {
      "integrity": "sha512-tQd/1efJuzPC6rCFwEvLtci/xNFcTZknmXs98FYDfGE4wP9ClFV98nyKrzJKVPMhdDnjzLhdUyMX4PsQAPjwIw=="
    },
    "@isaacs/cliui@8.0.2": {
      "integrity": "sha512-O8jcjabXaleOG9DQ0+ARXWZBTfnP4WNAqzuiJK7ll44AmxGKv/J2M4TPjxjY3znBCfvBXFzucm1twdyFybFqEA==",
      "dependencies": [
        "string-width@5.1.2",
        "string-width-cjs@npm:string-width@4.2.3",
        "strip-ansi@7.1.0",
        "strip-ansi-cjs@npm:strip-ansi@6.0.1",
        "wrap-ansi@8.1.0",
        "wrap-ansi-cjs@npm:wrap-ansi@7.0.0"
      ]
    },
    "@istanbuljs/schema@0.1.3": {
      "integrity": "sha512-ZXRY4jNvVgSVQ8DL3LTcakaAtXwTVUxE81hslsyD2AtoXW/wVob10HkOJ1X/pAlcI7D+2YoZKg5do8G/w6RYgA=="
    },
    "@jridgewell/gen-mapping@0.3.5": {
      "integrity": "sha512-IzL8ZoEDIBRWEzlCcRhOaCupYyN5gdIK+Q6fbFdPDg6HqX6jpkItn7DFIpW9LQzXG6Df9sA7+OKnq0qlz/GaQg==",
      "dependencies": [
        "@jridgewell/set-array",
        "@jridgewell/sourcemap-codec",
        "@jridgewell/trace-mapping"
      ]
    },
    "@jridgewell/resolve-uri@3.1.2": {
      "integrity": "sha512-bRISgCIjP20/tbWSPWMEi54QVPRZExkuD9lJL+UIxUKtwVJA8wW1Trb1jMs1RFXo1CBTNZ/5hpC9QvmKWdopKw=="
    },
    "@jridgewell/set-array@1.2.1": {
      "integrity": "sha512-R8gLRTZeyp03ymzP/6Lil/28tGeGEzhx1q2k703KGWRAI1VdvPIXdG70VJc2pAMw3NA6JKL5hhFu1sJX0Mnn/A=="
    },
    "@jridgewell/sourcemap-codec@1.5.0": {
      "integrity": "sha512-gv3ZRaISU3fjPAgNsriBRqGWQL6quFx04YMPW/zD8XMLsU32mhCCbfbO6KZFLjvYpCZ8zyDEgqsgf+PwPaM7GQ=="
    },
    "@jridgewell/trace-mapping@0.3.25": {
      "integrity": "sha512-vNk6aEwybGtawWmy/PzwnGDOjCkLWSD2wqvjGGAgOAwCGWySYXfYoxt00IJkTF+8Lb57DwOb3Aa0o9CApepiYQ==",
      "dependencies": [
        "@jridgewell/resolve-uri",
        "@jridgewell/sourcemap-codec"
      ]
    },
    "@messageformat/core@3.4.0": {
      "integrity": "sha512-NgCFubFFIdMWJGN5WuQhHCNmzk7QgiVfrViFxcS99j7F5dDS5EP6raR54I+2ydhe4+5/XTn/YIEppFaqqVWHsw==",
      "dependencies": [
        "@messageformat/date-skeleton",
        "@messageformat/number-skeleton",
        "@messageformat/parser",
        "@messageformat/runtime",
        "make-plural",
        "safe-identifier"
      ]
    },
    "@messageformat/date-skeleton@1.1.0": {
      "integrity": "sha512-rmGAfB1tIPER+gh3p/RgA+PVeRE/gxuQ2w4snFWPF5xtb5mbWR7Cbw7wCOftcUypbD6HVoxrVdyyghPm3WzP5A=="
    },
    "@messageformat/number-skeleton@1.2.0": {
      "integrity": "sha512-xsgwcL7J7WhlHJ3RNbaVgssaIwcEyFkBqxHdcdaiJzwTZAWEOD8BuUFxnxV9k5S0qHN3v/KzUpq0IUpjH1seRg=="
    },
    "@messageformat/parser@5.1.0": {
      "integrity": "sha512-jKlkls3Gewgw6qMjKZ9SFfHUpdzEVdovKFtW1qRhJ3WI4FW5R/NnGDqr8SDGz+krWDO3ki94boMmQvGke1HwUQ==",
      "dependencies": [
        "moo"
      ]
    },
    "@messageformat/runtime@3.0.1": {
      "integrity": "sha512-6RU5ol2lDtO8bD9Yxe6CZkl0DArdv0qkuoZC+ZwowU+cdRlVE1157wjCmlA5Rsf1Xc/brACnsZa5PZpEDfTFFg==",
      "dependencies": [
        "make-plural"
      ]
    },
    "@pkgjs/parseargs@0.11.0": {
      "integrity": "sha512-+1VkjdD0QBLPodGrJUeqarH8VAIvQODIbwh9XpP5Syisf7YoQgsJKPNFoqqLQlu+VQ/tVSshMR6loPMn8U+dPg=="
    },
    "@rollup/rollup-android-arm-eabi@4.27.2": {
      "integrity": "sha512-Tj+j7Pyzd15wAdSJswvs5CJzJNV+qqSUcr/aCD+jpQSBtXvGnV0pnrjoc8zFTe9fcKCatkpFpOO7yAzpO998HA=="
    },
    "@rollup/rollup-android-arm64@4.27.2": {
      "integrity": "sha512-xsPeJgh2ThBpUqlLgRfiVYBEf/P1nWlWvReG+aBWfNv3XEBpa6ZCmxSVnxJgLgkNz4IbxpLy64h2gCmAAQLneQ=="
    },
    "@rollup/rollup-darwin-arm64@4.27.2": {
      "integrity": "sha512-KnXU4m9MywuZFedL35Z3PuwiTSn/yqRIhrEA9j+7OSkji39NzVkgxuxTYg5F8ryGysq4iFADaU5osSizMXhU2A=="
    },
    "@rollup/rollup-darwin-x64@4.27.2": {
      "integrity": "sha512-Hj77A3yTvUeCIx/Vi+4d4IbYhyTwtHj07lVzUgpUq9YpJSEiGJj4vXMKwzJ3w5zp5v3PFvpJNgc/J31smZey6g=="
    },
    "@rollup/rollup-freebsd-arm64@4.27.2": {
      "integrity": "sha512-RjgKf5C3xbn8gxvCm5VgKZ4nn0pRAIe90J0/fdHUsgztd3+Zesb2lm2+r6uX4prV2eUByuxJNdt647/1KPRq5g=="
    },
    "@rollup/rollup-freebsd-x64@4.27.2": {
      "integrity": "sha512-duq21FoXwQtuws+V9H6UZ+eCBc7fxSpMK1GQINKn3fAyd9DFYKPJNcUhdIKOrMFjLEJgQskoMoiuizMt+dl20g=="
    },
    "@rollup/rollup-linux-arm-gnueabihf@4.27.2": {
      "integrity": "sha512-6npqOKEPRZkLrMcvyC/32OzJ2srdPzCylJjiTJT2c0bwwSGm7nz2F9mNQ1WrAqCBZROcQn91Fno+khFhVijmFA=="
    },
    "@rollup/rollup-linux-arm-musleabihf@4.27.2": {
      "integrity": "sha512-V9Xg6eXtgBtHq2jnuQwM/jr2mwe2EycnopO8cbOvpzFuySCGtKlPCI3Hj9xup/pJK5Q0388qfZZy2DqV2J8ftw=="
    },
    "@rollup/rollup-linux-arm64-gnu@4.27.2": {
      "integrity": "sha512-uCFX9gtZJoQl2xDTpRdseYuNqyKkuMDtH6zSrBTA28yTfKyjN9hQ2B04N5ynR8ILCoSDOrG/Eg+J2TtJ1e/CSA=="
    },
    "@rollup/rollup-linux-arm64-musl@4.27.2": {
      "integrity": "sha512-/PU9P+7Rkz8JFYDHIi+xzHabOu9qEWR07L5nWLIUsvserrxegZExKCi2jhMZRd0ATdboKylu/K5yAXbp7fYFvA=="
    },
    "@rollup/rollup-linux-powerpc64le-gnu@4.27.2": {
      "integrity": "sha512-eCHmol/dT5odMYi/N0R0HC8V8QE40rEpkyje/ZAXJYNNoSfrObOvG/Mn+s1F/FJyB7co7UQZZf6FuWnN6a7f4g=="
    },
    "@rollup/rollup-linux-riscv64-gnu@4.27.2": {
      "integrity": "sha512-DEP3Njr9/ADDln3kNi76PXonLMSSMiCir0VHXxmGSHxCxDfQ70oWjHcJGfiBugzaqmYdTC7Y+8Int6qbnxPBIQ=="
    },
    "@rollup/rollup-linux-s390x-gnu@4.27.2": {
      "integrity": "sha512-NHGo5i6IE/PtEPh5m0yw5OmPMpesFnzMIS/lzvN5vknnC1sXM5Z/id5VgcNPgpD+wHmIcuYYgW+Q53v+9s96lQ=="
    },
    "@rollup/rollup-linux-x64-gnu@4.27.2": {
      "integrity": "sha512-PaW2DY5Tan+IFvNJGHDmUrORadbe/Ceh8tQxi8cmdQVCCYsLoQo2cuaSj+AU+YRX8M4ivS2vJ9UGaxfuNN7gmg=="
    },
    "@rollup/rollup-linux-x64-musl@4.27.2": {
      "integrity": "sha512-dOlWEMg2gI91Qx5I/HYqOD6iqlJspxLcS4Zlg3vjk1srE67z5T2Uz91yg/qA8sY0XcwQrFzWWiZhMNERylLrpQ=="
    },
    "@rollup/rollup-win32-arm64-msvc@4.27.2": {
      "integrity": "sha512-euMIv/4x5Y2/ImlbGl88mwKNXDsvzbWUlT7DFky76z2keajCtcbAsN9LUdmk31hAoVmJJYSThgdA0EsPeTr1+w=="
    },
    "@rollup/rollup-win32-ia32-msvc@4.27.2": {
      "integrity": "sha512-RsnE6LQkUHlkC10RKngtHNLxb7scFykEbEwOFDjr3CeCMG+Rr+cKqlkKc2/wJ1u4u990urRHCbjz31x84PBrSQ=="
    },
    "@rollup/rollup-win32-x64-msvc@4.27.2": {
      "integrity": "sha512-foJM5vv+z2KQmn7emYdDLyTbkoO5bkHZE1oth2tWbQNGW7mX32d46Hz6T0MqXdWS2vBZhaEtHqdy9WYwGfiliA=="
    },
    "@types/cli-progress@3.11.6": {
      "integrity": "sha512-cE3+jb9WRlu+uOSAugewNpITJDt1VF8dHOopPO4IABFc3SXYL5WE/+PTz/FCdZRRfIujiWW3n3aMbv1eIGVRWA==",
      "dependencies": [
        "@types/node@22.5.4"
      ]
    },
    "@types/estree@1.0.6": {
      "integrity": "sha512-AYnb1nQyY49te+VRAVgmzfcgjYS91mY5P0TKUDCLEM+gNnA+3T6rWITXRLYCpahpqSQbN5cE+gHpnPyXjHWxcw=="
    },
    "@types/i18n@0.13.12": {
      "integrity": "sha512-iAd2QjKh+0ToBXocmCS3m38GskiaGzmSV1MTQz2GaOraqSqBiLf46J7u3EGINl+st+Uk4lO3OL7QyIjTJlrWIg=="
    },
    "@types/node@22.10.1": {
      "integrity": "sha512-qKgsUwfHZV2WCWLAnVP1JqnpE6Im6h3Y0+fYgMTasNQ7V++CBX5OT1as0g0f+OyubbFqhf6XVNIsmN4IIhEgGQ==",
      "dependencies": [
        "undici-types@6.20.0"
      ]
    },
    "@types/node@22.5.4": {
      "integrity": "sha512-FDuKUJQm/ju9fT/SeX/6+gBzoPzlVCzfzmGkwKvRHQVxi4BntVbyIwf6a4Xn62mrvndLiml6z/UBXIdEVjQLXg==",
      "dependencies": [
        "undici-types@6.19.8"
      ]
    },
    "@types/progress@2.0.7": {
      "integrity": "sha512-iadjw02vte8qWx7U0YM++EybBha2CQLPGu9iJ97whVgJUT5Zq9MjAPYUnbfRI2Kpehimf1QjFJYxD0t8nqzu5w==",
      "dependencies": [
        "@types/node@22.5.4"
      ]
    },
    "@types/utf8@3.0.3": {
      "integrity": "sha512-+lqLGxWZsEe4Z6OrzBI7Ym4SMUTaMS5yOrHZ0/IL0bpIye1Qbs4PpobJL2mLDbftUXlPFZR7fu6d1yM+bHLX1w=="
    },
    "@vitest/coverage-v8@2.1.8_vitest@2.1.8__@types+node@22.10.1__vite@5.4.11___@types+node@22.10.1_@types+node@22.10.1": {
      "integrity": "sha512-2Y7BPlKH18mAZYAW1tYByudlCYrQyl5RGvnnDYJKW5tCiO5qg3KSAy3XAxcxKz900a0ZXxWtKrMuZLe3lKBpJw==",
      "dependencies": [
        "@ampproject/remapping",
        "@bcoe/v8-coverage",
        "debug",
        "istanbul-lib-coverage",
        "istanbul-lib-report",
        "istanbul-lib-source-maps",
        "istanbul-reports",
        "magic-string",
        "magicast",
        "std-env",
        "test-exclude",
        "tinyrainbow",
        "vitest"
      ]
    },
    "@vitest/expect@2.1.8": {
      "integrity": "sha512-8ytZ/fFHq2g4PJVAtDX57mayemKgDR6X3Oa2Foro+EygiOJHUXhCqBAAKQYYajZpFoIfvBCF1j6R6IYRSIUFuw==",
      "dependencies": [
        "@vitest/spy",
        "@vitest/utils",
        "chai",
        "tinyrainbow"
      ]
    },
    "@vitest/mocker@2.1.8_vite@5.4.11__@types+node@22.10.1_@types+node@22.10.1": {
      "integrity": "sha512-7guJ/47I6uqfttp33mgo6ga5Gr1VnL58rcqYKyShoRK9ebu8T5Rs6HN3s1NABiBeVTdWNrwUMcHH54uXZBN4zA==",
      "dependencies": [
        "@vitest/spy",
        "estree-walker",
        "magic-string",
        "vite"
      ]
    },
    "@vitest/pretty-format@2.1.8": {
      "integrity": "sha512-9HiSZ9zpqNLKlbIDRWOnAWqgcA7xu+8YxXSekhr0Ykab7PAYFkhkwoqVArPOtJhPmYeE2YHgKZlj3CP36z2AJQ==",
      "dependencies": [
        "tinyrainbow"
      ]
    },
    "@vitest/runner@2.1.8": {
      "integrity": "sha512-17ub8vQstRnRlIU5k50bG+QOMLHRhYPAna5tw8tYbj+jzjcspnwnwtPtiOlkuKC4+ixDPTuLZiqiWWQ2PSXHVg==",
      "dependencies": [
        "@vitest/utils",
        "pathe"
      ]
    },
    "@vitest/snapshot@2.1.8": {
      "integrity": "sha512-20T7xRFbmnkfcmgVEz+z3AU/3b0cEzZOt/zmnvZEctg64/QZbSDJEVm9fLnnlSi74KibmRsO9/Qabi+t0vCRPg==",
      "dependencies": [
        "@vitest/pretty-format",
        "magic-string",
        "pathe"
      ]
    },
    "@vitest/spy@2.1.8": {
      "integrity": "sha512-5swjf2q95gXeYPevtW0BLk6H8+bPlMb4Vw/9Em4hFxDcaOxS+e0LOX4yqNxoHzMR2akEB2xfpnWUzkZokmgWDg==",
      "dependencies": [
        "tinyspy"
      ]
    },
    "@vitest/utils@2.1.8": {
      "integrity": "sha512-dwSoui6djdwbfFmIgbIjX2ZhIoG7Ex/+xpxyiEgIGzjliY8xGkcpITKTlp6B4MgtGkF2ilvm97cPM96XZaAgcA==",
      "dependencies": [
        "@vitest/pretty-format",
        "loupe",
        "tinyrainbow"
      ]
    },
    "ansi-regex@5.0.1": {
      "integrity": "sha512-quJQXlTSUGL2LH9SUXo8VwsY4soanhgo6LNSm84E1LBcE8s3O0wpdiRzyR9z/ZZJMlMWv37qOOb9pdJlMUEKFQ=="
    },
    "ansi-regex@6.1.0": {
      "integrity": "sha512-7HSX4QQb4CspciLpVFwyRe79O3xsIZDDLER21kERQ71oaPodF8jL725AgJMFAYbooIqolJoRLuM81SpeUkpkvA=="
    },
    "ansi-styles@4.3.0": {
      "integrity": "sha512-zbB9rCJAT1rbjiVDb2hqKFHNYLxgtk8NURxZ3IZwD3F6NtxbXZQCnnSi1Lkx+IDohdPlFp222wVALIheZJQSEg==",
      "dependencies": [
        "color-convert"
      ]
    },
    "ansi-styles@6.2.1": {
      "integrity": "sha512-bN798gFfQX+viw3R7yrGWRqnrN2oRkEkUjjl4JNn4E8GxxbjtG3FbrEIIY3l8/hrwUwIeCZvi4QuOTP4MErVug=="
    },
    "assertion-error@2.0.1": {
      "integrity": "sha512-Izi8RQcffqCeNVgFigKli1ssklIbpHnCYc6AknXGYoB6grJqyeby7jv12JUQgmTAnIDnbck1uxksT4dzN3PWBA=="
    },
    "balanced-match@1.0.2": {
      "integrity": "sha512-3oSeUO0TMV67hN1AmbXsK4yaqU7tjiHlbxRDZOpH0KW9+CeX4bRAaX0Anxt0tx2MrpRpWwQaPwIlISEJhYU5Pw=="
    },
    "brace-expansion@2.0.1": {
      "integrity": "sha512-XnAIvQ8eM+kC6aULx6wuQiwVsnzsi9d3WxzV3FpWTGA19F621kwdbsAcFKXgKUHZWsy+mY6iL1sHTxWEFCytDA==",
      "dependencies": [
        "balanced-match"
      ]
    },
    "cac@6.7.14": {
      "integrity": "sha512-b6Ilus+c3RrdDk+JhLKUAQfzzgLEPy6wcXqS7f/xe1EETvsDP6GORG7SFuOs6cID5YkqchW/LXZbX5bc8j7ZcQ=="
    },
    "chai@5.1.2": {
      "integrity": "sha512-aGtmf24DW6MLHHG5gCx4zaI3uBq3KRtxeVs0DjFH6Z0rDNbsvTxFASFvdj79pxjxZ8/5u3PIiN3IwEIQkiiuPw==",
      "dependencies": [
        "assertion-error",
        "check-error",
        "deep-eql",
        "loupe",
        "pathval"
      ]
    },
    "chalk@5.3.0": {
      "integrity": "sha512-dLitG79d+GV1Nb/VYcCDFivJeK1hiukt9QjRNVOsUtTy1rR1YJsmpGGTZ3qJos+uw7WmWF4wUwBd9jxjocFC2w=="
    },
    "check-error@2.1.1": {
      "integrity": "sha512-OAlb+T7V4Op9OwdkjmguYRqncdlx5JiofwOAUkmTF+jNdHwzTaTs4sRAGpzLF3oOz5xAyDGrPgeIDFQmDOTiJw=="
    },
    "cli-progress@3.12.0": {
      "integrity": "sha512-tRkV3HJ1ASwm19THiiLIXLO7Im7wlTuKnvkYaTkyoAPefqjNg7W7DHKUlGRxy9vxDvbyCYQkQozvptuMkGCg8A==",
      "dependencies": [
        "string-width@4.2.3"
      ]
    },
    "color-convert@2.0.1": {
      "integrity": "sha512-RRECPsj7iu/xb5oKYcsFHSppFNnsj/52OVTRKb4zP5onXwVF3zVmmToNcOfGC+CRDpfK/U584fMg38ZHCaElKQ==",
      "dependencies": [
        "color-name"
      ]
    },
    "color-name@1.1.4": {
      "integrity": "sha512-dOy+3AuW3a2wNbZHIuMZpTcgjGuLU/uBL/ubcZF9OXbDo8ff4O8yVp5Bf0efS8uEoYo5q4Fx7dY9OgQGXgAsQA=="
    },
    "commander@12.1.0": {
      "integrity": "sha512-Vw8qHK3bZM9y/P10u3Vib8o/DdkvA2OtPtZvD871QKjy74Wj1WSKFILMPRPSdUSx5RFK1arlJzEtA4PkFgnbuA=="
    },
    "cross-spawn@7.0.6": {
      "integrity": "sha512-uV2QOWP2nWzsy2aMp8aRibhi9dlzF5Hgh5SHaB9OiTGEyDTiJJyx0uy51QXdyWbtAHNua4XJzUKca3OzKUd3vA==",
      "dependencies": [
        "path-key",
        "shebang-command",
        "which"
      ]
    },
    "debug@4.3.7": {
      "integrity": "sha512-Er2nc/H7RrMXZBFCEim6TCmMk02Z8vLC2Rbi1KEBggpo0fS6l0S1nnapwmIi3yW/+GOJap1Krg4w0Hg80oCqgQ==",
      "dependencies": [
        "ms"
      ]
    },
    "deep-eql@5.0.2": {
      "integrity": "sha512-h5k/5U50IJJFpzfL6nO9jaaumfjO/f2NjK/oYB2Djzm4p9L+3T9qWpZqZ2hAbLPuuYq9wrU08WQyBTL5GbPk5Q=="
    },
    "eastasianwidth@0.2.0": {
      "integrity": "sha512-I88TYZWc9XiYHRQ4/3c5rjjfgkjhLyW2luGIheGERbNQ6OY7yTybanSpDXZa8y7VUP9YmDcYa+eyq4ca7iLqWA=="
    },
    "emoji-regex@8.0.0": {
      "integrity": "sha512-MSjYzcWNOA0ewAHpz0MxpYFvwg6yjy1NG3xteoqz644VCo/RPgnr1/GGt+ic3iJTzQ8Eu3TdM14SawnVUmGE6A=="
    },
    "emoji-regex@9.2.2": {
      "integrity": "sha512-L18DaJsXSUk2+42pv8mLs5jJT2hqFkFE4j21wOmgbUqsZ2hL72NsUU785g9RXgo3s0ZNgVl42TiHp3ZtOv/Vyg=="
    },
    "es-module-lexer@1.5.4": {
      "integrity": "sha512-MVNK56NiMrOwitFB7cqDwq0CQutbw+0BvLshJSse0MUNU+y1FC3bUS/AQg7oUng+/wKrrki7JfmwtVHkVfPLlw=="
    },
    "esbuild@0.21.5": {
      "integrity": "sha512-mg3OPMV4hXywwpoDxu3Qda5xCKQi+vCTZq8S9J/EpkhB2HzKXq4SNFZE3+NK93JYxc8VMSep+lOUSC/RVKaBqw==",
      "dependencies": [
        "@esbuild/aix-ppc64",
        "@esbuild/android-arm",
        "@esbuild/android-arm64",
        "@esbuild/android-x64",
        "@esbuild/darwin-arm64",
        "@esbuild/darwin-x64",
        "@esbuild/freebsd-arm64",
        "@esbuild/freebsd-x64",
        "@esbuild/linux-arm",
        "@esbuild/linux-arm64",
        "@esbuild/linux-ia32",
        "@esbuild/linux-loong64",
        "@esbuild/linux-mips64el",
        "@esbuild/linux-ppc64",
        "@esbuild/linux-riscv64",
        "@esbuild/linux-s390x",
        "@esbuild/linux-x64",
        "@esbuild/netbsd-x64",
        "@esbuild/openbsd-x64",
        "@esbuild/sunos-x64",
        "@esbuild/win32-arm64",
        "@esbuild/win32-ia32",
        "@esbuild/win32-x64"
      ]
    },
    "estree-walker@3.0.3": {
      "integrity": "sha512-7RUKfXgSMMkzt6ZuXmqapOurLGPPfgj6l9uRZ7lRGolvk0y2yocc35LdcxKC5PQZdn2DMqioAQ2NoWcrTKmm6g==",
      "dependencies": [
        "@types/estree"
      ]
    },
    "expect-type@1.1.0": {
      "integrity": "sha512-bFi65yM+xZgk+u/KRIpekdSYkTB5W1pEf0Lt8Q8Msh7b+eQ7LXVtIB1Bkm4fvclDEL1b2CZkMhv2mOeF8tMdkA=="
    },
    "fast-printf@1.6.10": {
      "integrity": "sha512-GwTgG9O4FVIdShhbVF3JxOgSBY2+ePGsu2V/UONgoCPzF9VY6ZdBMKsHKCYQHZwNk3qNouUolRDsgVxcVA5G1w=="
    },
    "foreground-child@3.3.0": {
      "integrity": "sha512-Ld2g8rrAyMYFXBhEqMz8ZAHBi4J4uS1i/CxGMDnjyFWddMXLVcDp051DZfu+t7+ab7Wv6SMqpWmyFIj5UbfFvg==",
      "dependencies": [
        "cross-spawn",
        "signal-exit"
      ]
    },
    "fsevents@2.3.3": {
      "integrity": "sha512-5xoDfX+fL7faATnagmWPpbFtwh/R77WmMMqqHGS65C3vvB0YHrgF+B1YmZ3441tMj5n63k0212XNoJwzlhffQw=="
    },
    "glob@10.4.5": {
      "integrity": "sha512-7Bv8RF0k6xjo7d4A/PxYLbUCfb6c+Vpd2/mB2yRDlew7Jb5hEXiCD9ibfO7wpk8i4sevK6DFny9h7EYbM3/sHg==",
      "dependencies": [
        "foreground-child",
        "jackspeak",
        "minimatch",
        "minipass",
        "package-json-from-dist",
        "path-scurry"
      ]
    },
    "has-flag@4.0.0": {
      "integrity": "sha512-EykJT/Q1KjTWctppgIAgfSO0tKVuZUjhgMr17kqTumMl6Afv3EISleU7qZUzoXDFTAHTDC4NOoG/ZxU3EvlMPQ=="
    },
    "html-escaper@2.0.2": {
      "integrity": "sha512-H2iMtd0I4Mt5eYiapRdIDjp+XzelXQ0tFE4JS7YFwFevXXMmOp9myNrUvCg0D6ws8iqkRPBfKHgbwig1SmlLfg=="
    },
    "i18n@0.15.1": {
      "integrity": "sha512-yue187t8MqUPMHdKjiZGrX+L+xcUsDClGO0Cz4loaKUOK9WrGw5pgan4bv130utOwX7fHE9w2iUeHFalVQWkXA==",
      "dependencies": [
        "@messageformat/core",
        "debug",
        "fast-printf",
        "make-plural",
        "math-interval-parser",
        "mustache"
      ]
    },
    "invert-kv@3.0.1": {
      "integrity": "sha512-CYdFeFexxhv/Bcny+Q0BfOV+ltRlJcd4BBZBYFX/O0u4npJrgZtIcjokegtiSMAvlMTJ+Koq0GBCc//3bueQxw=="
    },
    "is-fullwidth-code-point@3.0.0": {
      "integrity": "sha512-zymm5+u+sCsSWyD9qNaejV3DFvhCKclKdizYaJUuHA83RLjb7nSuGnddCHGv0hk+KY7BMAlsWeK4Ueg6EV6XQg=="
    },
    "isexe@2.0.0": {
      "integrity": "sha512-RHxMLp9lnKHGHRng9QFhRCMbYAcVpn69smSGcq3f36xjgVVWThj4qqLbTLlq7Ssj8B+fIQ1EuCEGI2lKsyQeIw=="
    },
    "istanbul-lib-coverage@3.2.2": {
      "integrity": "sha512-O8dpsF+r0WV/8MNRKfnmrtCWhuKjxrq2w+jpzBL5UZKTi2LeVWnWOmWRxFlesJONmc+wLAGvKQZEOanko0LFTg=="
    },
    "istanbul-lib-report@3.0.1": {
      "integrity": "sha512-GCfE1mtsHGOELCU8e/Z7YWzpmybrx/+dSTfLrvY8qRmaY6zXTKWn6WQIjaAFw069icm6GVMNkgu0NzI4iPZUNw==",
      "dependencies": [
        "istanbul-lib-coverage",
        "make-dir",
        "supports-color"
      ]
    },
    "istanbul-lib-source-maps@5.0.6": {
      "integrity": "sha512-yg2d+Em4KizZC5niWhQaIomgf5WlL4vOOjZ5xGCmF8SnPE/mDWWXgvRExdcpCgh9lLRRa1/fSYp2ymmbJ1pI+A==",
      "dependencies": [
        "@jridgewell/trace-mapping",
        "debug",
        "istanbul-lib-coverage"
      ]
    },
    "istanbul-reports@3.1.7": {
      "integrity": "sha512-BewmUXImeuRk2YY0PVbxgKAysvhRPUQE0h5QRM++nVWyubKGV0l8qQ5op8+B2DOmwSe63Jivj0BjkPQVf8fP5g==",
      "dependencies": [
        "html-escaper",
        "istanbul-lib-report"
      ]
    },
    "jackspeak@3.4.3": {
      "integrity": "sha512-OGlZQpz2yfahA/Rd1Y8Cd9SIEsqvXkLVoSw/cgwhnhFMDbsQFeZYoJJ7bIZBS9BcamUW96asq/npPWugM+RQBw==",
      "dependencies": [
        "@isaacs/cliui",
        "@pkgjs/parseargs"
      ]
    },
    "lcid@3.1.1": {
      "integrity": "sha512-M6T051+5QCGLBQb8id3hdvIW8+zeFV2FyBGFS9IEK5H9Wt4MueD4bW1eWikpHgZp+5xR3l5c8pZUkQsIA0BFZg==",
      "dependencies": [
        "invert-kv"
      ]
    },
    "loupe@3.1.2": {
      "integrity": "sha512-23I4pFZHmAemUnz8WZXbYRSKYj801VDaNv9ETuMh7IrMc7VuVVSo+Z9iLE3ni30+U48iDWfi30d3twAXBYmnCg=="
    },
    "lru-cache@10.4.3": {
      "integrity": "sha512-JNAzZcXrCt42VGLuYz0zfAzDfAvJWW6AfYlDBQyDV5DClI2m5sAmK+OIO7s59XfsRsWHp02jAJrRadPRGTt6SQ=="
    },
    "magic-string@0.30.17": {
      "integrity": "sha512-sNPKHvyjVf7gyjwS4xGTaW/mCnF8wnjtifKBEhxfZ7E/S8tQ0rssrwGNn6q8JH/ohItJfSQp9mBtQYuTlH5QnA==",
      "dependencies": [
        "@jridgewell/sourcemap-codec"
      ]
    },
    "magicast@0.3.5": {
      "integrity": "sha512-L0WhttDl+2BOsybvEOLK7fW3UA0OQ0IQ2d6Zl2x/a6vVRs3bAY0ECOSHHeL5jD+SbOpOCUEi0y1DgHEn9Qn1AQ==",
      "dependencies": [
        "@babel/parser",
        "@babel/types",
        "source-map-js"
      ]
    },
    "make-dir@4.0.0": {
      "integrity": "sha512-hXdUTZYIVOt1Ex//jAQi+wTZZpUpwBj/0QsOzqegb3rGMMeJiSEu5xLHnYfBrRV4RH2+OCSOO95Is/7x1WJ4bw==",
      "dependencies": [
        "semver"
      ]
    },
    "make-plural@7.4.0": {
      "integrity": "sha512-4/gC9KVNTV6pvYg2gFeQYTW3mWaoJt7WZE5vrp1KnQDgW92JtYZnzmZT81oj/dUTqAIu0ufI2x3dkgu3bB1tYg=="
    },
    "math-interval-parser@2.0.1": {
      "integrity": "sha512-VmlAmb0UJwlvMyx8iPhXUDnVW1F9IrGEd9CIOmv+XL8AErCUUuozoDMrgImvnYt2A+53qVX/tPW6YJurMKYsvA=="
    },
    "minimatch@9.0.5": {
      "integrity": "sha512-G6T0ZX48xgozx7587koeX9Ys2NYy6Gmv//P89sEte9V9whIapMNF4idKxnW2QtCcLiTWlb/wfCabAtAFWhhBow==",
      "dependencies": [
        "brace-expansion"
      ]
    },
    "minipass@7.1.2": {
      "integrity": "sha512-qOOzS1cBTWYF4BH8fVePDBOO9iptMnGUEZwNc/cMWnTV2nVLZ7VoNWEPHkYczZA0pdoA7dl6e7FL659nX9S2aw=="
    },
    "moo@0.5.2": {
      "integrity": "sha512-iSAJLHYKnX41mKcJKjqvnAN9sf0LMDTXDEvFv+ffuRR9a1MIuXLjMNL6EsnDHSkKLTWNqQQ5uo61P4EbU4NU+Q=="
    },
    "ms@2.1.3": {
      "integrity": "sha512-6FlzubTLZG3J2a/NVCAleEhjzq5oxgHyaCU9yYXvcLsvoVaHJq/s5xXI6/XXP6tz7R9xAOtHnSO/tXtF3WRTlA=="
    },
    "mustache@4.2.0": {
      "integrity": "sha512-71ippSywq5Yb7/tVYyGbkBggbU8H3u5Rz56fH60jGFgr8uHwxs+aSKeqmluIVzM0m0kB7xQjKS6qPfd0b2ZoqQ=="
    },
    "nanoid@3.3.7": {
      "integrity": "sha512-eSRppjcPIatRIMC1U6UngP8XFcz8MQWGQdt1MTBQ7NaAmvXDfvNxbvWV3x2y6CdEUciCSsDHDQZbhYaB8QEo2g=="
    },
    "os-locale@6.0.2": {
      "integrity": "sha512-qIb8bzRqaN/vVqEYZ7lTAg6PonskO7xOmM7OClD28F6eFa4s5XGe4bGpHUHMoCHbNNuR0pDYFeSLiW5bnjWXIA==",
      "dependencies": [
        "lcid"
      ]
    },
    "package-json-from-dist@1.0.1": {
      "integrity": "sha512-UEZIS3/by4OC8vL3P2dTXRETpebLI2NiI5vIrjaD/5UtrkFX/tNbwjTSRAGC/+7CAo2pIcBaRgWmcBBHcsaCIw=="
    },
    "path-key@3.1.1": {
      "integrity": "sha512-ojmeN0qd+y0jszEtoY48r0Peq5dwMEkIlCOu6Q5f41lfkswXuKtYrhgoTpLnyIcHm24Uhqx+5Tqm2InSwLhE6Q=="
    },
    "path-scurry@1.11.1": {
      "integrity": "sha512-Xa4Nw17FS9ApQFJ9umLiJS4orGjm7ZzwUrwamcGQuHSzDyth9boKDaycYdDcZDuqYATXw4HFXgaqWTctW/v1HA==",
      "dependencies": [
        "lru-cache",
        "minipass"
      ]
    },
    "pathe@1.1.2": {
      "integrity": "sha512-whLdWMYL2TwI08hn8/ZqAbrVemu0LNaNNJZX73O6qaIdCTfXutsLhMkjdENX0qhsQ9uIimo4/aQOmXkoon2nDQ=="
    },
    "pathval@2.0.0": {
      "integrity": "sha512-vE7JKRyES09KiunauX7nd2Q9/L7lhok4smP9RZTDeD4MVs72Dp2qNFVz39Nz5a0FVEW0BJR6C0DYrq6unoziZA=="
    },
    "picocolors@1.1.1": {
      "integrity": "sha512-xceH2snhtb5M9liqDsmEw56le376mTZkEX/jEb/RxNFyegNul7eNslCXP9FDj/Lcu0X8KEyMceP2ntpaHrDEVA=="
    },
    "postcss@8.4.49": {
      "integrity": "sha512-OCVPnIObs4N29kxTjzLfUryOkvZEq+pf8jTF0lg8E7uETuWHA+v7j3c/xJmiqpX450191LlmZfUKkXxkTry7nA==",
      "dependencies": [
        "nanoid",
        "picocolors",
        "source-map-js"
      ]
    },
    "prettier@3.4.1": {
      "integrity": "sha512-G+YdqtITVZmOJje6QkXQWzl3fSfMxFwm1tjTyo9exhkmWSqC4Yhd1+lug++IlR2mvRVAxEDDWYkQdeSztajqgg=="
    },
    "rollup@4.27.2": {
      "integrity": "sha512-KreA+PzWmk2yaFmZVwe6GB2uBD86nXl86OsDkt1bJS9p3vqWuEQ6HnJJ+j/mZi/q0920P99/MVRlB4L3crpF5w==",
      "dependencies": [
        "@rollup/rollup-android-arm-eabi",
        "@rollup/rollup-android-arm64",
        "@rollup/rollup-darwin-arm64",
        "@rollup/rollup-darwin-x64",
        "@rollup/rollup-freebsd-arm64",
        "@rollup/rollup-freebsd-x64",
        "@rollup/rollup-linux-arm-gnueabihf",
        "@rollup/rollup-linux-arm-musleabihf",
        "@rollup/rollup-linux-arm64-gnu",
        "@rollup/rollup-linux-arm64-musl",
        "@rollup/rollup-linux-powerpc64le-gnu",
        "@rollup/rollup-linux-riscv64-gnu",
        "@rollup/rollup-linux-s390x-gnu",
        "@rollup/rollup-linux-x64-gnu",
        "@rollup/rollup-linux-x64-musl",
        "@rollup/rollup-win32-arm64-msvc",
        "@rollup/rollup-win32-ia32-msvc",
        "@rollup/rollup-win32-x64-msvc",
        "@types/estree",
        "fsevents"
      ]
    },
    "safe-identifier@0.4.2": {
      "integrity": "sha512-6pNbSMW6OhAi9j+N8V+U715yBQsaWJ7eyEUaOrawX+isg5ZxhUlV1NipNtgaKHmFGiABwt+ZF04Ii+3Xjkg+8w=="
    },
    "semver@7.6.3": {
      "integrity": "sha512-oVekP1cKtI+CTDvHWYFUcMtsK/00wmAEfyqKfNdARm8u1wNVhSgaX7A8d4UuIlUI5e84iEwOhs7ZPYRmzU9U6A=="
    },
    "shebang-command@2.0.0": {
      "integrity": "sha512-kHxr2zZpYtdmrN1qDjrrX/Z1rR1kG8Dx+gkpK1G4eXmvXswmcE1hTWBWYUzlraYw1/yZp6YuDY77YtvbN0dmDA==",
      "dependencies": [
        "shebang-regex"
      ]
    },
    "shebang-regex@3.0.0": {
      "integrity": "sha512-7++dFhtcx3353uBaq8DDR4NuxBetBzC7ZQOhmTQInHEd6bSrXdiEyzCvG07Z44UYdLShWUyXt5M/yhz8ekcb1A=="
    },
    "siginfo@2.0.0": {
      "integrity": "sha512-ybx0WO1/8bSBLEWXZvEd7gMW3Sn3JFlW3TvX1nREbDLRNQNaeNN8WK0meBwPdAaOI7TtRRRJn/Es1zhrrCHu7g=="
    },
    "signal-exit@4.1.0": {
      "integrity": "sha512-bzyZ1e88w9O1iNJbKnOlvYTrWPDl46O1bG0D3XInv+9tkPrxrN8jUUTiFlDkkmKWgn1M6CfIA13SuGqOa9Korw=="
    },
    "source-map-js@1.2.1": {
      "integrity": "sha512-UXWMKhLOwVKb728IUtQPXxfYU+usdybtUrK/8uGE8CQMvrhOpwvzDBwj0QhSL7MQc7vIsISBG8VQ8+IDQxpfQA=="
    },
    "stackback@0.0.2": {
      "integrity": "sha512-1XMJE5fQo1jGH6Y/7ebnwPOBEkIEnT4QF32d5R1+VXdXveM0IBMJt8zfaxX1P3QhVwrYe+576+jkANtSS2mBbw=="
    },
    "std-env@3.8.0": {
      "integrity": "sha512-Bc3YwwCB+OzldMxOXJIIvC6cPRWr/LxOp48CdQTOkPyk/t4JWWJbrilwBd7RJzKV8QW7tJkcgAmeuLLJugl5/w=="
    },
    "string-width@4.2.3": {
      "integrity": "sha512-wKyQRQpjJ0sIp62ErSZdGsjMJWsap5oRNihHhu6G7JVO/9jIB6UyevL+tXuOqrng8j/cxKTWyWUwvSTriiZz/g==",
      "dependencies": [
        "emoji-regex@8.0.0",
        "is-fullwidth-code-point",
        "strip-ansi@6.0.1"
      ]
    },
    "string-width@5.1.2": {
      "integrity": "sha512-HnLOCR3vjcY8beoNLtcjZ5/nxn2afmME6lhrDrebokqMap+XbeW8n9TXpPDOqdGK5qcI3oT0GKTW6wC7EMiVqA==",
      "dependencies": [
        "eastasianwidth",
        "emoji-regex@9.2.2",
        "strip-ansi@7.1.0"
      ]
    },
    "strip-ansi@6.0.1": {
      "integrity": "sha512-Y38VPSHcqkFrCpFnQ9vuSXmquuv5oXOKpGeT6aGrr3o3Gc9AlVa6JBfUSOCnbxGGZF+/0ooI7KrPuUSztUdU5A==",
      "dependencies": [
        "ansi-regex@5.0.1"
      ]
    },
    "strip-ansi@7.1.0": {
      "integrity": "sha512-iq6eVVI64nQQTRYq2KtEg2d2uU7LElhTJwsH4YzIHZshxlgZms/wIc4VoDQTlG/IvVIrBKG06CrZnp0qv7hkcQ==",
      "dependencies": [
        "ansi-regex@6.1.0"
      ]
    },
    "supports-color@7.2.0": {
      "integrity": "sha512-qpCAvRl9stuOHveKsn7HncJRvv501qIacKzQlO/+Lwxc9+0q2wLyv4Dfvt80/DPn2pqOBsJdDiogXGR9+OvwRw==",
      "dependencies": [
        "has-flag"
      ]
    },
    "test-exclude@7.0.1": {
      "integrity": "sha512-pFYqmTw68LXVjeWJMST4+borgQP2AyMNbg1BpZh9LbyhUeNkeaPF9gzfPGUAnSMV3qPYdWUwDIjjCLiSDOl7vg==",
      "dependencies": [
        "@istanbuljs/schema",
        "glob",
        "minimatch"
      ]
    },
    "tinybench@2.9.0": {
      "integrity": "sha512-0+DUvqWMValLmha6lr4kD8iAMK1HzV0/aKnCtWb9v9641TnP/MFb7Pc2bxoxQjTXAErryXVgUOfv2YqNllqGeg=="
    },
    "tinyexec@0.3.1": {
      "integrity": "sha512-WiCJLEECkO18gwqIp6+hJg0//p23HXp4S+gGtAKu3mI2F2/sXC4FvHvXvB0zJVVaTPhx1/tOwdbRsa1sOBIKqQ=="
    },
    "tinypool@1.0.2": {
      "integrity": "sha512-al6n+QEANGFOMf/dmUMsuS5/r9B06uwlyNjZZql/zv8J7ybHCgoihBNORZCY2mzUuAnomQa2JdhyHKzZxPCrFA=="
    },
    "tinyrainbow@1.2.0": {
      "integrity": "sha512-weEDEq7Z5eTHPDh4xjX789+fHfF+P8boiFB+0vbWzpbnbsEr/GRaohi/uMKxg8RZMXnl1ItAi/IUHWMsjDV7kQ=="
    },
    "tinyspy@3.0.2": {
      "integrity": "sha512-n1cw8k1k0x4pgA2+9XrOkFydTerNcJ1zWCO5Nn9scWHTD+5tp8dghT2x1uduQePZTZgd3Tupf+x9BxJjeJi77Q=="
    },
    "undici-types@6.19.8": {
      "integrity": "sha512-ve2KP6f/JnbPBFyobGHuerC9g1FYGn/F8n1LWTwNxCEzd6IfqTwUQcNXgEtmmQ6DlRrC1hrSrBnCZPokRrDHjw=="
    },
    "undici-types@6.20.0": {
      "integrity": "sha512-Ny6QZ2Nju20vw1SRHe3d9jVu6gJ+4e3+MMpqu7pqE5HT6WsTSlce++GQmK5UXS8mzV8DSYHrQH+Xrf2jVcuKNg=="
    },
    "utf8@3.0.0": {
      "integrity": "sha512-E8VjFIQ/TyQgp+TZfS6l8yp/xWppSAHzidGiRrqe4bK4XP9pTRyKFgGJpO3SN7zdX4DeomTrwaseCHovfpFcqQ=="
    },
    "vite-node@2.1.8_@types+node@22.10.1": {
      "integrity": "sha512-uPAwSr57kYjAUux+8E2j0q0Fxpn8M9VoyfGiRI8Kfktz9NcYMCenwY5RnZxnF1WTu3TGiYipirIzacLL3VVGFg==",
      "dependencies": [
        "cac",
        "debug",
        "es-module-lexer",
        "pathe",
        "vite"
      ]
    },
    "vite@5.4.11_@types+node@22.10.1": {
      "integrity": "sha512-c7jFQRklXua0mTzneGW9QVyxFjUgwcihC4bXEtujIo2ouWCe1Ajt/amn2PCxYnhYfd5k09JX3SB7OYWFKYqj8Q==",
      "dependencies": [
        "@types/node@22.10.1",
        "esbuild",
        "fsevents",
        "postcss",
        "rollup"
      ]
    },
    "vitest@2.1.8_@types+node@22.10.1_vite@5.4.11__@types+node@22.10.1": {
      "integrity": "sha512-1vBKTZskHw/aosXqQUlVWWlGUxSJR8YtiyZDJAFeW2kPAeX6S3Sool0mjspO+kXLuxVWlEDDowBAeqeAQefqLQ==",
      "dependencies": [
        "@types/node@22.10.1",
        "@vitest/expect",
        "@vitest/mocker",
        "@vitest/pretty-format",
        "@vitest/runner",
        "@vitest/snapshot",
        "@vitest/spy",
        "@vitest/utils",
        "chai",
        "debug",
        "expect-type",
        "magic-string",
        "pathe",
        "std-env",
        "tinybench",
        "tinyexec",
        "tinypool",
        "tinyrainbow",
        "vite",
        "vite-node",
        "why-is-node-running"
      ]
    },
    "which@2.0.2": {
      "integrity": "sha512-BLI3Tl1TW3Pvl70l3yq3Y64i+awpwXqsGBYWkkqMtnbXgrMD+yj7rhW0kuEDxzJaYXGjEW5ogapKNMEKNMjibA==",
      "dependencies": [
        "isexe"
      ]
    },
    "why-is-node-running@2.3.0": {
      "integrity": "sha512-hUrmaWBdVDcxvYqnyh09zunKzROWjbZTiNy8dBEjkS7ehEDQibXJ7XvlmtbwuTclUiIyN+CyXQD4Vmko8fNm8w==",
      "dependencies": [
        "siginfo",
        "stackback"
      ]
    },
    "wrap-ansi@7.0.0": {
      "integrity": "sha512-YVGIj2kamLSTxw6NsZjoBxfSwsn0ycdesmc4p+Q21c5zPuZ1pl+NfxVdxPtdHvmNVOQ6XSYG4AUtyt/Fi7D16Q==",
      "dependencies": [
        "ansi-styles@4.3.0",
        "string-width@4.2.3",
        "strip-ansi@6.0.1"
      ]
    },
    "wrap-ansi@8.1.0": {
      "integrity": "sha512-si7QWI6zUMq56bESFvagtmzMdGOtoxfR+Sez11Mobfc7tm+VkUckk9bW2UeffTGVUbOksxmSw0AA2gs8g71NCQ==",
      "dependencies": [
        "ansi-styles@6.2.1",
        "string-width@5.1.2",
        "strip-ansi@7.1.0"
      ]
    }
  },
  "workspace": {
    "dependencies": [
      "npm:@addasoft/timespan@^1.1.4",
      "npm:@types/cli-progress@^3.11.6",
      "npm:@types/i18n@~0.13.12",
      "npm:@types/node@^22.10.1",
      "npm:@types/progress@^2.0.7",
      "npm:@types/utf8@^3.0.3",
      "npm:@vitest/coverage-v8@^2.1.8",
      "npm:chalk@^5.3.0",
      "npm:cli-progress@^3.12.0",
      "npm:commander@^12.1.0",
      "npm:i18n@~0.15.1",
      "npm:os-locale@^6.0.2",
      "npm:prettier@^3.4.1",
      "npm:utf8@3",
      "npm:vitest@^2.1.8"
    ]
  }
}
